{
  "name": "aoi.js",
  "version": "7.0.0",
  "lockfileVersion": 3,
  "requires": true,
  "packages": {
    "": {
      "name": "aoi.js",
      "version": "7.0.0",
      "license": "Apache-2.0",
      "dependencies": {
        "uglify-js": "^3.17.4",
        "undici": "^5.21.0"
      },
      "devDependencies": {
        "@types/node": "^16.18.23",
        "@types/uglify-js": "^3.17.1",
        "typescript": "^4.9.5"
      },
      "engines": {
        "node": ">=16.9.0"
      }
    },
    "node_modules/@types/node": {
      "version": "16.18.23",
      "resolved": "https://registry.npmjs.org/@types/node/-/node-16.18.23.tgz",
      "integrity": "sha512-XAMpaw1s1+6zM+jn2tmw8MyaRDIJfXxqmIQIS0HfoGYPuf7dUWeiUKopwq13KFX9lEp1+THGtlaaYx39Nxr58g==",
      "dev": true
    },
    "node_modules/@types/uglify-js": {
      "version": "3.17.1",
      "resolved": "https://registry.npmjs.org/@types/uglify-js/-/uglify-js-3.17.1.tgz",
      "integrity": "sha512-GkewRA4i5oXacU/n4MA9+bLgt5/L3F1mKrYvFGm7r2ouLXhRKjuWwo9XHNnbx6WF3vlGW21S3fCvgqxvxXXc5g==",
      "dev": true,
      "dependencies": {
        "source-map": "^0.6.1"
      }
    },
    "node_modules/busboy": {
      "version": "1.6.0",
      "resolved": "https://registry.npmjs.org/busboy/-/busboy-1.6.0.tgz",
      "integrity": "sha512-8SFQbg/0hQ9xy3UNTB0YEnsNBbWfhf7RtnzpL7TkBiTBRfrQ9Fxcnz7VJsleJpyp6rVLvXiuORqjlHi5q+PYuA==",
      "dependencies": {
        "streamsearch": "^1.1.0"
      },
      "engines": {
        "node": ">=10.16.0"
      }
    },
    "node_modules/source-map": {
      "version": "0.6.1",
      "resolved": "https://registry.npmjs.org/source-map/-/source-map-0.6.1.tgz",
      "integrity": "sha512-UjgapumWlbMhkBgzT7Ykc5YXUT46F0iKu8SGXq0bcwP5dz/h0Plj6enJqjz1Zbq2l5WaqYnrVbwWOWMyF3F47g==",
      "dev": true,
      "engines": {
        "node": ">=0.10.0"
      }
    },
    "node_modules/streamsearch": {
      "version": "1.1.0",
      "resolved": "https://registry.npmjs.org/streamsearch/-/streamsearch-1.1.0.tgz",
      "integrity": "sha512-Mcc5wHehp9aXz1ax6bZUyY5afg9u2rv5cqQI3mRrYkGC8rW2hM02jWuwjtL++LS5qinSyhj2QfLyNsuc+VsExg==",
      "engines": {
        "node": ">=10.0.0"
      }
    },
    "node_modules/typescript": {
      "version": "4.9.5",
      "resolved": "https://registry.npmjs.org/typescript/-/typescript-4.9.5.tgz",
      "integrity": "sha512-1FXk9E2Hm+QzZQ7z+McJiHL4NW1F2EzMu9Nq9i3zAaGqibafqYwCVU6WyWAuyQRRzOlxou8xZSyXLEN8oKj24g==",
      "dev": true,
      "bin": {
        "tsc": "bin/tsc",
        "tsserver": "bin/tsserver"
      },
      "engines": {
        "node": ">=4.2.0"
      }
    },
    "node_modules/uglify-js": {
      "version": "3.17.4",
      "resolved": "https://registry.npmjs.org/uglify-js/-/uglify-js-3.17.4.tgz",
      "integrity": "sha512-T9q82TJI9e/C1TAxYvfb16xO120tMVFZrGA3f9/P4424DNu6ypK103y0GPFVa17yotwSyZW5iYXgjYHkGrJW/g==",
      "bin": {
        "uglifyjs": "bin/uglifyjs"
      },
      "engines": {
        "node": ">=0.8.0"
      }
    },
    "node_modules/undici": {
      "version": "5.21.0",
      "resolved": "https://registry.npmjs.org/undici/-/undici-5.21.0.tgz",
      "integrity": "sha512-HOjK8l6a57b2ZGXOcUsI5NLfoTrfmbOl90ixJDl0AEFG4wgHNDQxtZy15/ZQp7HhjkpaGlp/eneMgtsu1dIlUA==",
      "dependencies": {
        "busboy": "^1.6.0"
      },
      "engines": {
        "node": ">=12.18"
      }
    }
  }
}
